// !$*UTF8*$!
{
	archiveVersion = 1;
	classes = {
	};
	objectVersion = 46;
	objects = {

/* Begin PBXBuildFile section */
		4E996142160C002F001D28E0 /* Cocoa.framework in Frameworks */ = {isa = PBXBuildFile; fileRef = 4E996141160C002F001D28E0 /* Cocoa.framework */; };
		4E99614C160C002F001D28E0 /* InfoPlist.strings in Resources */ = {isa = PBXBuildFile; fileRef = 4E99614A160C002F001D28E0 /* InfoPlist.strings */; };
		4E99614E160C002F001D28E0 /* main.m in Sources */ = {isa = PBXBuildFile; fileRef = 4E99614D160C002F001D28E0 /* main.m */; };
		4E996152160C002F001D28E0 /* Credits.rtf in Resources */ = {isa = PBXBuildFile; fileRef = 4E996150160C002F001D28E0 /* Credits.rtf */; };
		4E996155160C002F001D28E0 /* AppDelegate.m in Sources */ = {isa = PBXBuildFile; fileRef = 4E996154160C002F001D28E0 /* AppDelegate.m */; };
		4E996158160C0030001D28E0 /* MainMenu.xib in Resources */ = {isa = PBXBuildFile; fileRef = 4E996156160C0030001D28E0 /* MainMenu.xib */; };
		4E996182160C01F7001D28E0 /* Controller.m in Sources */ = {isa = PBXBuildFile; fileRef = 4E996181160C01F7001D28E0 /* Controller.m */; };
		4E996186160C0BF4001D28E0 /* NSCImageView.m in Sources */ = {isa = PBXBuildFile; fileRef = 4E996185160C0BF4001D28E0 /* NSCImageView.m */; };
		BCF02D2018E1BB7400AB1744 /* PathTextField.m in Sources */ = {isa = PBXBuildFile; fileRef = BCF02D1F18E1BB7400AB1744 /* PathTextField.m */; };
		BCF02D2218E1C03B00AB1744 /* iconSizeSet.plist in Resources */ = {isa = PBXBuildFile; fileRef = BCF02D2118E1C03B00AB1744 /* iconSizeSet.plist */; };
/* End PBXBuildFile section */

/* Begin PBXFileReference section */
		4E99613D160C002F001D28E0 /* iconMaker.app */ = {isa = PBXFileReference; explicitFileType = wrapper.application; includeInIndex = 0; path = iconMaker.app; sourceTree = BUILT_PRODUCTS_DIR; };
		4E996141160C002F001D28E0 /* Cocoa.framework */ = {isa = PBXFileReference; lastKnownFileType = wrapper.framework; name = Cocoa.framework; path = System/Library/Frameworks/Cocoa.framework; sourceTree = SDKROOT; };
		4E996144160C002F001D28E0 /* AppKit.framework */ = {isa = PBXFileReference; lastKnownFileType = wrapper.framework; name = AppKit.framework; path = System/Library/Frameworks/AppKit.framework; sourceTree = SDKROOT; };
		4E996145160C002F001D28E0 /* CoreData.framework */ = {isa = PBXFileReference; lastKnownFileType = wrapper.framework; name = CoreData.framework; path = System/Library/Frameworks/CoreData.framework; sourceTree = SDKROOT; };
		4E996146160C002F001D28E0 /* Foundation.framework */ = {isa = PBXFileReference; lastKnownFileType = wrapper.framework; name = Foundation.framework; path = System/Library/Frameworks/Foundation.framework; sourceTree = SDKROOT; };
		4E996149160C002F001D28E0 /* iconMaker-Info.plist */ = {isa = PBXFileReference; lastKnownFileType = text.plist.xml; path = "iconMaker-Info.plist"; sourceTree = "<group>"; };
		4E99614B160C002F001D28E0 /* en */ = {isa = PBXFileReference; lastKnownFileType = text.plist.strings; name = en; path = en.lproj/InfoPlist.strings; sourceTree = "<group>"; };
		4E99614D160C002F001D28E0 /* main.m */ = {isa = PBXFileReference; lastKnownFileType = sourcecode.c.objc; path = main.m; sourceTree = "<group>"; };
		4E99614F160C002F001D28E0 /* iconMaker-Prefix.pch */ = {isa = PBXFileReference; lastKnownFileType = sourcecode.c.h; path = "iconMaker-Prefix.pch"; sourceTree = "<group>"; };
		4E996151160C002F001D28E0 /* en */ = {isa = PBXFileReference; lastKnownFileType = text.rtf; name = en; path = en.lproj/Credits.rtf; sourceTree = "<group>"; };
		4E996153160C002F001D28E0 /* AppDelegate.h */ = {isa = PBXFileReference; lastKnownFileType = sourcecode.c.h; path = AppDelegate.h; sourceTree = "<group>"; };
		4E996154160C002F001D28E0 /* AppDelegate.m */ = {isa = PBXFileReference; lastKnownFileType = sourcecode.c.objc; path = AppDelegate.m; sourceTree = "<group>"; };
		4E996157160C0030001D28E0 /* en */ = {isa = PBXFileReference; lastKnownFileType = file.xib; name = en; path = en.lproj/MainMenu.xib; sourceTree = "<group>"; };
		4E99615F160C0030001D28E0 /* SenTestingKit.framework */ = {isa = PBXFileReference; lastKnownFileType = wrapper.framework; name = SenTestingKit.framework; path = Library/Frameworks/SenTestingKit.framework; sourceTree = DEVELOPER_DIR; };
		4E996166160C0030001D28E0 /* iconMakerTests-Info.plist */ = {isa = PBXFileReference; lastKnownFileType = text.plist.xml; path = "iconMakerTests-Info.plist"; sourceTree = "<group>"; };
		4E996168160C0030001D28E0 /* en */ = {isa = PBXFileReference; lastKnownFileType = text.plist.strings; name = en; path = en.lproj/InfoPlist.strings; sourceTree = "<group>"; };
		4E99616A160C0030001D28E0 /* iconMakerTests.h */ = {isa = PBXFileReference; lastKnownFileType = sourcecode.c.h; path = iconMakerTests.h; sourceTree = "<group>"; };
		4E99616B160C0030001D28E0 /* iconMakerTests.m */ = {isa = PBXFileReference; lastKnownFileType = sourcecode.c.objc; path = iconMakerTests.m; sourceTree = "<group>"; };
		4E996180160C01F7001D28E0 /* Controller.h */ = {isa = PBXFileReference; fileEncoding = 4; lastKnownFileType = sourcecode.c.h; path = Controller.h; sourceTree = "<group>"; };
		4E996181160C01F7001D28E0 /* Controller.m */ = {isa = PBXFileReference; fileEncoding = 4; lastKnownFileType = sourcecode.c.objc; path = Controller.m; sourceTree = "<group>"; };
		4E996184160C0BF4001D28E0 /* NSCImageView.h */ = {isa = PBXFileReference; fileEncoding = 4; lastKnownFileType = sourcecode.c.h; path = NSCImageView.h; sourceTree = "<group>"; };
		4E996185160C0BF4001D28E0 /* NSCImageView.m */ = {isa = PBXFileReference; fileEncoding = 4; lastKnownFileType = sourcecode.c.objc; path = NSCImageView.m; sourceTree = "<group>"; };
		BCF02D1E18E1BB7400AB1744 /* PathTextField.h */ = {isa = PBXFileReference; fileEncoding = 4; lastKnownFileType = sourcecode.c.h; path = PathTextField.h; sourceTree = "<group>"; };
		BCF02D1F18E1BB7400AB1744 /* PathTextField.m */ = {isa = PBXFileReference; fileEncoding = 4; lastKnownFileType = sourcecode.c.objc; path = PathTextField.m; sourceTree = "<group>"; };
		BCF02D2118E1C03B00AB1744 /* iconSizeSet.plist */ = {isa = PBXFileReference; fileEncoding = 4; lastKnownFileType = text.plist.xml; path = iconSizeSet.plist; sourceTree = "<group>"; };
/* End PBXFileReference section */

/* Begin PBXFrameworksBuildPhase section */
		4E99613A160C002F001D28E0 /* Frameworks */ = {
			isa = PBXFrameworksBuildPhase;
			buildActionMask = 2147483647;
			files = (
				4E996142160C002F001D28E0 /* Cocoa.framework in Frameworks */,
			);
			runOnlyForDeploymentPostprocessing = 0;
		};
/* End PBXFrameworksBuildPhase section */

/* Begin PBXGroup section */
		4E996132160C002F001D28E0 = {
			isa = PBXGroup;
			children = (
				4E996147160C002F001D28E0 /* iconMaker */,
				4E996164160C0030001D28E0 /* iconMakerTests */,
				4E996140160C002F001D28E0 /* Frameworks */,
				4E99613E160C002F001D28E0 /* Products */,
			);
			sourceTree = "<group>";
		};
		4E99613E160C002F001D28E0 /* Products */ = {
			isa = PBXGroup;
			children = (
				4E99613D160C002F001D28E0 /* iconMaker.app */,
			);
			name = Products;
			sourceTree = "<group>";
		};
		4E996140160C002F001D28E0 /* Frameworks */ = {
			isa = PBXGroup;
			children = (
				4E996141160C002F001D28E0 /* Cocoa.framework */,
				4E99615F160C0030001D28E0 /* SenTestingKit.framework */,
				4E996143160C002F001D28E0 /* Other Frameworks */,
			);
			name = Frameworks;
			sourceTree = "<group>";
		};
		4E996143160C002F001D28E0 /* Other Frameworks */ = {
			isa = PBXGroup;
			children = (
				4E996144160C002F001D28E0 /* AppKit.framework */,
				4E996145160C002F001D28E0 /* CoreData.framework */,
				4E996146160C002F001D28E0 /* Foundation.framework */,
			);
			name = "Other Frameworks";
			sourceTree = "<group>";
		};
		4E996147160C002F001D28E0 /* iconMaker */ = {
			isa = PBXGroup;
			children = (
				4E996153160C002F001D28E0 /* AppDelegate.h */,
				4E996154160C002F001D28E0 /* AppDelegate.m */,
				4E996180160C01F7001D28E0 /* Controller.h */,
				4E996181160C01F7001D28E0 /* Controller.m */,
				BCF02D1E18E1BB7400AB1744 /* PathTextField.h */,
				BCF02D1F18E1BB7400AB1744 /* PathTextField.m */,
				4E996184160C0BF4001D28E0 /* NSCImageView.h */,
				4E996185160C0BF4001D28E0 /* NSCImageView.m */,
				4E996156160C0030001D28E0 /* MainMenu.xib */,
				4E996148160C002F001D28E0 /* Supporting Files */,
			);
			path = iconMaker;
			sourceTree = "<group>";
		};
		4E996148160C002F001D28E0 /* Supporting Files */ = {
			isa = PBXGroup;
			children = (
				4E996149160C002F001D28E0 /* iconMaker-Info.plist */,
				4E99614A160C002F001D28E0 /* InfoPlist.strings */,
				4E99614D160C002F001D28E0 /* main.m */,
				4E99614F160C002F001D28E0 /* iconMaker-Prefix.pch */,
				BCF02D2118E1C03B00AB1744 /* iconSizeSet.plist */,
				4E996150160C002F001D28E0 /* Credits.rtf */,
			);
			name = "Supporting Files";
			sourceTree = "<group>";
		};
		4E996164160C0030001D28E0 /* iconMakerTests */ = {
			isa = PBXGroup;
			children = (
				4E99616A160C0030001D28E0 /* iconMakerTests.h */,
				4E99616B160C0030001D28E0 /* iconMakerTests.m */,
				4E996165160C0030001D28E0 /* Supporting Files */,
			);
			path = iconMakerTests;
			sourceTree = "<group>";
		};
		4E996165160C0030001D28E0 /* Supporting Files */ = {
			isa = PBXGroup;
			children = (
				4E996166160C0030001D28E0 /* iconMakerTests-Info.plist */,
				4E996167160C0030001D28E0 /* InfoPlist.strings */,
			);
			name = "Supporting Files";
			sourceTree = "<group>";
		};
/* End PBXGroup section */

/* Begin PBXNativeTarget section */
		4E99613C160C002F001D28E0 /* iconMaker */ = {
			isa = PBXNativeTarget;
			buildConfigurationList = 4E99616F160C0030001D28E0 /* Build configuration list for PBXNativeTarget "iconMaker" */;
			buildPhases = (
				4E996139160C002F001D28E0 /* Sources */,
				4E99613A160C002F001D28E0 /* Frameworks */,
				4E99613B160C002F001D28E0 /* Resources */,
			);
			buildRules = (
			);
			dependencies = (
			);
			name = iconMaker;
			productName = iconMaker;
			productReference = 4E99613D160C002F001D28E0 /* iconMaker.app */;
			productType = "com.apple.product-type.application";
		};
/* End PBXNativeTarget section */

/* Begin PBXProject section */
		4E996134160C002F001D28E0 /* Project object */ = {
			isa = PBXProject;
			attributes = {
				LastUpgradeCheck = 0510;
				ORGANIZATIONNAME = blesseddeveloper;
			};
			buildConfigurationList = 4E996137160C002F001D28E0 /* Build configuration list for PBXProject "iconMaker" */;
			compatibilityVersion = "Xcode 3.2";
			developmentRegion = English;
			hasScannedForEncodings = 0;
			knownRegions = (
				en,
			);
			mainGroup = 4E996132160C002F001D28E0;
			productRefGroup = 4E99613E160C002F001D28E0 /* Products */;
			projectDirPath = "";
			projectRoot = "";
			targets = (
				4E99613C160C002F001D28E0 /* iconMaker */,
			);
		};
/* End PBXProject section */

/* Begin PBXResourcesBuildPhase section */
		4E99613B160C002F001D28E0 /* Resources */ = {
			isa = PBXResourcesBuildPhase;
			buildActionMask = 2147483647;
			files = (
				4E99614C160C002F001D28E0 /* InfoPlist.strings in Resources */,
				4E996152160C002F001D28E0 /* Credits.rtf in Resources */,
				4E996158160C0030001D28E0 /* MainMenu.xib in Resources */,
				BCF02D2218E1C03B00AB1744 /* iconSizeSet.plist in Resources */,
			);
			runOnlyForDeploymentPostprocessing = 0;
		};
/* End PBXResourcesBuildPhase section */

/* Begin PBXSourcesBuildPhase section */
		4E996139160C002F001D28E0 /* Sources */ = {
			isa = PBXSourcesBuildPhase;
			buildActionMask = 2147483647;
			files = (
				4E99614E160C002F001D28E0 /* main.m in Sources */,
				BCF02D2018E1BB7400AB1744 /* PathTextField.m in Sources */,
				4E996155160C002F001D28E0 /* AppDelegate.m in Sources */,
				4E996182160C01F7001D28E0 /* Controller.m in Sources */,
				4E996186160C0BF4001D28E0 /* NSCImageView.m in Sources */,
			);
			runOnlyForDeploymentPostprocessing = 0;
		};
/* End PBXSourcesBuildPhase section */

/* Begin PBXVariantGroup section */
		4E99614A160C002F001D28E0 /* InfoPlist.strings */ = {
			isa = PBXVariantGroup;
			children = (
				4E99614B160C002F001D28E0 /* en */,
			);
			name = InfoPlist.strings;
			sourceTree = "<group>";
		};
		4E996150160C002F001D28E0 /* Credits.rtf */ = {
			isa = PBXVariantGroup;
			children = (
				4E996151160C002F001D28E0 /* en */,
			);
			name = Credits.rtf;
			sourceTree = "<group>";
		};
		4E996156160C0030001D28E0 /* MainMenu.xib */ = {
			isa = PBXVariantGroup;
			children = (
				4E996157160C0030001D28E0 /* en */,
			);
			name = MainMenu.xib;
			sourceTree = "<group>";
		};
		4E996167160C0030001D28E0 /* InfoPlist.strings */ = {
			isa = PBXVariantGroup;
			children = (
				4E996168160C0030001D28E0 /* en */,
			);
			name = InfoPlist.strings;
			sourceTree = "<group>";
		};
/* End PBXVariantGroup section */

/* Begin XCBuildConfiguration section */
		4E99616D160C0030001D28E0 /* Debug */ = {
			isa = XCBuildConfiguration;
			buildSettings = {
				ALWAYS_SEARCH_USER_PATHS = NO;
				CLANG_CXX_LANGUAGE_STANDARD = "gnu++0x";
				CLANG_CXX_LIBRARY = "libc++";
				CLANG_ENABLE_OBJC_ARC = YES;
				CLANG_WARN_EMPTY_BODY = YES;
				CLANG_WARN__DUPLICATE_METHOD_MATCH = YES;
				COPY_PHASE_STRIP = NO;
				GCC_C_LANGUAGE_STANDARD = gnu99;
				GCC_DYNAMIC_NO_PIC = NO;
				GCC_ENABLE_OBJC_EXCEPTIONS = YES;
				GCC_OPTIMIZATION_LEVEL = 0;
				GCC_PREPROCESSOR_DEFINITIONS = (
					"DEBUG=1",
					"$(inherited)",
				);
				GCC_SYMBOLS_PRIVATE_EXTERN = NO;
				GCC_WARN_64_TO_32_BIT_CONVERSION = YES;
				GCC_WARN_ABOUT_RETURN_TYPE = YES;
				GCC_WARN_UNINITIALIZED_AUTOS = YES;
				GCC_WARN_UNUSED_VARIABLE = YES;
				MACOSX_DEPLOYMENT_TARGET = 10.8;
				ONLY_ACTIVE_ARCH = YES;
				SDKROOT = macosx;
			};
			name = Debug;
		};
		4E99616E160C0030001D28E0 /* Release */ = {
			isa = XCBuildConfiguration;
			buildSettings = {
				ALWAYS_SEARCH_USER_PATHS = NO;
				CLANG_CXX_LANGUAGE_STANDARD = "gnu++0x";
				CLANG_CXX_LIBRARY = "libc++";
				CLANG_ENABLE_OBJC_ARC = YES;
				CLANG_WARN_EMPTY_BODY = YES;
				CLANG_WARN__DUPLICATE_METHOD_MATCH = YES;
				COPY_PHASE_STRIP = YES;
				DEBUG_INFORMATION_FORMAT = "dwarf-with-dsym";
				GCC_C_LANGUAGE_STANDARD = gnu99;
				GCC_ENABLE_OBJC_EXCEPTIONS = YES;
				GCC_WARN_64_TO_32_BIT_CONVERSION = YES;
				GCC_WARN_ABOUT_RETURN_TYPE = YES;
				GCC_WARN_UNINITIALIZED_AUTOS = YES;
				GCC_WARN_UNUSED_VARIABLE = YES;
				MACOSX_DEPLOYMENT_TARGET = 10.8;
				SDKROOT = macosx;
			};
			name = Release;
		};
		4E996170160C0030001D28E0 /* Debug */ = {
			isa = XCBuildConfiguration;
			buildSettings = {
				CODE_SIGN_IDENTITY = "";
				COMBINE_HIDPI_IMAGES = YES;
				GCC_PRECOMPILE_PREFIX_HEADER = YES;
				GCC_PREFIX_HEADER = "iconMaker/iconMaker-Prefix.pch";
				INFOPLIST_FILE = "iconMaker/iconMaker-Info.plist";
				PRODUCT_NAME = "$(TARGET_NAME)";
				PROVISIONING_PROFILE = "";
				WRAPPER_EXTENSION = app;
			};
			name = Debug;
		};
		4E996171160C0030001D28E0 /* Release */ = {
			isa = XCBuildConfiguration;
			buildSettings = {
				CODE_SIGN_IDENTITY = "";
				COMBINE_HIDPI_IMAGES = YES;
				GCC_PRECOMPILE_PREFIX_HEADER = YES;
				GCC_PREFIX_HEADER = "iconMaker/iconMaker-Prefix.pch";
				INFOPLIST_FILE = "iconMaker/iconMaker-Info.plist";
				PRODUCT_NAME = "$(TARGET_NAME)";
				PROVISIONING_PROFILE = "";
				WRAPPER_EXTENSION = app;
			};
			name = Release;
		};
/* End XCBuildConfiguration section */

/* Begin XCConfigurationList section */
		4E996137160C002F001D28E0 /* Build configuration list for PBXProject "iconMaker" */ = {
			isa = XCConfigurationList;
			buildConfigurations = (
				4E99616D160C0030001D28E0 /* Debug */,
				4E99616E160C0030001D28E0 /* Release */,
			);
			defaultConfigurationIsVisible = 0;
			defaultConfigurationName = Release;
		};
		4E99616F160C0030001D28E0 /* Build configuration list for PBXNativeTarget "iconMaker" */ = {
			isa = XCConfigurationList;
			buildConfigurations = (
				4E996170160C0030001D28E0 /* Debug */,
				4E996171160C0030001D28E0 /* Release */,
			);
			defaultConfigurationIsVisible = 0;
			defaultConfigurationName = Release;
		};
/* End XCConfigurationList section */
	};
	rootObject = 4E996134160C002F001D28E0 /* Project object */;
}
